
Microsoft Visual Studio Solution File, Format Version 12.00
# Visual Studio Version 17
VisualStudioVersion = 17.13.35931.197 d17.13
MinimumVisualStudioVersion = 10.0.40219.1
Project("{FAE04EC0-301F-11D3-BF4B-00C04F79EFBC}") = "PopulationChecker.WorkerService", "PopulationChecker.WorkerService.csproj", "{870233B8-5873-DC15-29F2-7BDFC4FAB50D}"
EndProject
Global
	GlobalSection(SolutionConfigurationPlatforms) = preSolution
		Debug|Any CPU = Debug|Any CPU
		Release|Any CPU = Release|Any CPU
	EndGlobalSection
	GlobalSection(ProjectConfigurationPlatforms) = postSolution
		{870233B8-5873-DC15-29F2-7BDFC4FAB50D}.Debug|Any CPU.ActiveCfg = Debug|Any CPU
		{870233B8-5873-DC15-29F2-7BDFC4FAB50D}.Debug|Any CPU.Build.0 = Debug|Any CPU
		{870233B8-5873-DC15-29F2-7BDFC4FAB50D}.Release|Any CPU.ActiveCfg = Release|Any CPU
		{870233B8-5873-DC15-29F2-7BDFC4FAB50D}.Release|Any CPU.Build.0 = Release|Any CPU
	EndGlobalSection
	GlobalSection(SolutionProperties) = preSolution
		HideSolutionNode = FALSE
	EndGlobalSection
	GlobalSection(ExtensibilityGlobals) = postSolution
		SolutionGuid = {458BF50E-EF68-4AFC-B8F6-B4A58CEC96D5}
	EndGlobalSection
EndGlobal
